<?xml version="1.0" encoding="utf-8"?>
<Project ToolsVersion="4.0" xmlns="http://schemas.microsoft.com/developer/msbuild/2003">
  <ItemGroup>
    <Filter Include="Source Files">
      <UniqueIdentifier>{8f0c8432-3fbd-41ae-b5cd-0ec18d1e6c19}</UniqueIdentifier>
      <Extensions>cpp;c;cxx;rc;def;r;odl;idl;hpj;bat</Extensions>
    </Filter>
    <Filter Include="Header Files">
      <UniqueIdentifier>{ff78c843-347c-4f72-80da-cc53fd19be6f}</UniqueIdentifier>
      <Extensions>h;hpp;hxx;hm;inl</Extensions>
    </Filter>
  </ItemGroup>
  <ItemGroup>
    <ResourceCompile Include="FPulseCed.rc">
      <Filter>Source Files</Filter>
    </ResourceCompile>
    <ResourceCompile Include="..\FPulseCedWinCustom.rc">
      <Filter>Source Files</Filter>
    </ResourceCompile>
  </ItemGroup>
  <ItemGroup>
    <ClInclude Include="FPulseCed.h">
      <Filter>Header Files</Filter>
    </ClInclude>
    <ClInclude Include="XopMain.h">
      <Filter>Header Files</Filter>
    </ClInclude>
    <ClInclude Include="..\Machine.h">
      <Filter>Header Files</Filter>
    </ClInclude>
    <ClInclude Include="..\Use1401.h">
      <Filter>Header Files</Filter>
    </ClInclude>
    <ClInclude Include="..\Cfs.h">
      <Filter>Header Files</Filter>
    </ClInclude>
  </ItemGroup>
  <ItemGroup>
    <ClCompile Include="..\FPulseCed.c">
      <Filter>Source Files</Filter>
    </ClCompile>
    <ClCompile Include="..\XopMain.c">
      <Filter>Source Files</Filter>
    </ClCompile>
    <ClCompile Include="..\FPulseCfs.c">
      <Filter>Source Files</Filter>
    </ClCompile>
    <ClCompile Include="..\Cfs.c">
      <Filter>Source Files</Filter>
    </ClCompile>
  </ItemGroup>
  <ItemGroup>
    <Library Include="..\..\..\..\..\XOP Toolkit 6\IgorXOPs6\XOPSupport\IGOR.lib" />
    <Library Include="..\..\..\..\..\XOP Toolkit 6\IgorXOPs6\XOPSupport\VC2015\XOPSupport.lib" />
    <Library Include="..\Use1432.lib" />
  </ItemGroup>
</Project>