<?xml version="1.0" encoding="utf-8"?>
<Project ToolsVersion="4.0" xmlns="http://schemas.microsoft.com/developer/msbuild/2003">
  <ItemGroup>
    <Filter Include="Source Files">
      <UniqueIdentifier>{1e474763-aa24-4827-900e-8b672bd3c767}</UniqueIdentifier>
      <Extensions>cpp;c;cxx;rc;def;r;odl;idl;hpj;bat</Extensions>
    </Filter>
    <Filter Include="Header Files">
      <UniqueIdentifier>{3b3e90b6-9140-446a-9dd3-c58d6e5eb683}</UniqueIdentifier>
      <Extensions>h;hpp;hxx;hm;inl</Extensions>
    </Filter>
    <Filter Include="Resource Files">
      <UniqueIdentifier>{18f666d5-06ba-45be-836b-909a720503e2}</UniqueIdentifier>
      <Extensions>ico;cur;bmp;dlg;rc2;rct;bin;rgs;gif;jpg;jpeg;jpe</Extensions>
    </Filter>
  </ItemGroup>
  <ItemGroup>
    <ClInclude Include="..\FP_MC700Tg.h">
      <Filter>Header Files</Filter>
    </ClInclude>
    <ClInclude Include="..\MCTelegraphs.h">
      <Filter>Header Files</Filter>
    </ClInclude>
    <ClInclude Include="..\XopMain.h">
      <Filter>Header Files</Filter>
    </ClInclude>
    <ClInclude Include="..\XopUtils.h">
      <Filter>Header Files</Filter>
    </ClInclude>
  </ItemGroup>
  <ItemGroup>
    <ClCompile Include="..\FP_Mc700Tg.c">
      <Filter>Source Files</Filter>
    </ClCompile>
    <ClCompile Include="..\XopMain.c">
      <Filter>Source Files</Filter>
    </ClCompile>
    <ClCompile Include="..\XopUtils.c">
      <Filter>Source Files</Filter>
    </ClCompile>
  </ItemGroup>
  <ItemGroup>
    <ResourceCompile Include="..\FP_Mc700TgWinCustom.rc">
      <Filter>Source Files</Filter>
    </ResourceCompile>
  </ItemGroup>
  <ItemGroup>
    <Library Include="..\..\..\..\..\XOP Toolkit 6\IgorXOPs6\XOPSupport\IGOR.lib" />
    <Library Include="..\..\..\..\..\XOP Toolkit 6\IgorXOPs6\XOPSupport\VC2015\XOPSupport.lib" />
  </ItemGroup>
</Project>